
Microsoft Visual Studio Solution File, Format Version 12.00
# Visual Studio Version 16
VisualStudioVersion = 25.0.1706.4
MinimumVisualStudioVersion = 10.0.40219.1
Project("{FAE04EC0-301F-11D3-BF4B-00C04F79EFBC}") = "SuperHero API", "SuperHero APi\SuperHero APi.csproj", "{C9F23EAE-5226-48C4-8123-3B16A5B0AFCA}"
EndProject
Global
	GlobalSection(SolutionConfigurationPlatforms) = preSolution
		Debug|Any CPU = Debug|Any CPU
		Release|Any CPU = Release|Any CPU
	EndGlobalSection
	GlobalSection(ProjectConfigurationPlatforms) = postSolution
		{C9F23EAE-5226-48C4-8123-3B16A5B0AFCA}.Debug|Any CPU.ActiveCfg = Debug|Any CPU
		{C9F23EAE-5226-48C4-8123-3B16A5B0AFCA}.Debug|Any CPU.Build.0 = Debug|Any CPU
		{C9F23EAE-5226-48C4-8123-3B16A5B0AFCA}.Release|Any CPU.ActiveCfg = Release|Any CPU
		{C9F23EAE-5226-48C4-8123-3B16A5B0AFCA}.Release|Any CPU.Build.0 = Release|Any CPU
	EndGlobalSection
	GlobalSection(SolutionProperties) = preSolution
		HideSolutionNode = FALSE
	EndGlobalSection
	GlobalSection(ExtensibilityGlobals) = postSolution
		SolutionGuid = {38DFEAC3-845D-4F16-9361-CF6A6E2FAE2A}
	EndGlobalSection
EndGlobal
